{
  "name": "still-life-vr",
  "version": "0.1.0",
  "lockfileVersion": 3,
  "requires": true,
  "packages": {
    "": {
      "name": "still-life-vr",
      "version": "0.1.0",
      "dependencies": {
        "three": "^0.185.0",
        "ws": "^8.21.3"
      },
      "devDependencies": {
        "@fontsource/barlow-condensed": "^5.3.0",
        "@fontsource/dm-mono": "^5.3.0",
        "@fontsource/dm-sans": "^5.3.0",
        "@playwright/test": "^1.58.0",
        "iwer": "^2.4.0"
      },
      "engines": {
        "node": ">=22"
      }
    },
    "node_modules/@fontsource/barlow-condensed": {
      "version": "5.3.0",
      "resolved": "https://registry.npmjs.org/@fontsource/barlow-condensed/-/barlow-condensed-5.3.0.tgz",
      "integrity": "sha512-RA7MmIx0v3eQ6Gcf74qLVLOwLB0GpPOzx+eU9iG/AmCnSJGcIWYeU8y6CEMGZ210MGwGg5CZhzLkkvyZdTTk1g==",
      "dev": true,
      "license": "OFL-1.1",
      "funding": {
        "url": "https://github.com/sponsors/ayuhito"
      }
    },
    "node_modules/@fontsource/dm-mono": {
      "version": "5.3.0",
      "resolved": "https://registry.npmjs.org/@fontsource/dm-mono/-/dm-mono-5.3.0.tgz",
      "integrity": "sha512-OINjI8C1S/wpchhQxl7njZdMn4+hnDCpQ4YtvvOpKNARo+0J8O1x1IcrChxNjHOhfVv1by8C/FQoy3hXK+C1Ug==",
      "dev": true,
      "license": "OFL-1.1",
      "funding": {
        "url": "https://github.com/sponsors/ayuhito"
      }
    },
    "node_modules/@fontsource/dm-sans": {
      "version": "5.3.0",
      "resolved": "https://registry.npmjs.org/@fontsource/dm-sans/-/dm-sans-5.3.0.tgz",
      "integrity": "sha512-lYJtMXXO28q1z+yz+z8XKd0s4hXaa9QdkETzkyD760sidCv5heI86weYA0sx0Nc4pAMAQTUuyf4gO44cYKKS9g==",
      "dev": true,
      "license": "OFL-1.1",
      "funding": {
        "url": "https://github.com/sponsors/ayuhito"
      }
    },
    "node_modules/@playwright/test": {
      "version": "1.63.0",
      "resolved": "https://registry.npmjs.org/@playwright/test/-/test-1.63.0.tgz",
      "integrity": "sha512-oxMK4vllB9RK5NQ2l1pq1IfOf2AvnEuj/vYGDj0H2nMtmtZpKtCwt/l00GEO6xjGfpBNAvjovvYdCm50dRQkpQ==",
      "dev": true,
      "license": "Apache-2.0",
      "dependencies": {
        "playwright": "1.63.0"
      },
      "bin": {
        "playwright": "cli.js"
      },
      "engines": {
        "node": ">=20"
      }
    },
    "node_modules/gl-matrix": {
      "version": "3.4.4",
      "resolved": "https://registry.npmjs.org/gl-matrix/-/gl-matrix-3.4.4.tgz",
      "integrity": "sha512-latSnyDNt/8zYUB6VIJ6PCh2jBjJX6gnDsoCZ7LyW7GkqrD51EWwa9qCoGixj8YqBtETQK/xY7OmpTF8xz1DdQ==",
      "dev": true,
      "license": "MIT"
    },
    "node_modules/iwer": {
      "version": "2.4.0",
      "resolved": "https://registry.npmjs.org/iwer/-/iwer-2.4.0.tgz",
      "integrity": "sha512-ebapL2S3QVApXysyQx+BsD6gdaOEx4GVCQWXUlF//mFheZbvHVms9FxjOG062EYZ4KTLLRydbaWD6p8rBemNkg==",
      "dev": true,
      "license": "MIT",
      "dependencies": {
        "gl-matrix": "^3.4.4",
        "webxr-layers-polyfill": "^1.1.0"
      }
    },
    "node_modules/playwright": {
      "version": "1.63.0",
      "resolved": "https://registry.npmjs.org/playwright/-/playwright-1.63.0.tgz",
      "integrity": "sha512-+7ziBLidS4NaNCdt57SUDT+wYmmd5fmiQejUic/kb+YsYSCPyOOE9sebzMjNmQrsnNpDJqd4WHvV/8lfKfUDUg==",
      "dev": true,
      "license": "Apache-2.0",
      "dependencies": {
        "playwright-core": "1.63.0"
      },
      "bin": {
        "playwright": "cli.js"
      },
      "engines": {
        "node": ">=20"
      }
    },
    "node_modules/playwright-core": {
      "version": "1.63.0",
      "resolved": "https://registry.npmjs.org/playwright-core/-/playwright-core-1.63.0.tgz",
      "integrity": "sha512-rYCsBF/M5HjUch52bbtVONEFjv6Xu8sm8h72dNlR5bzIE1fvC/bxgspzkjSfU+MweEMmPM8KJebG6nnyxo5mCg==",
      "dev": true,
      "license": "Apache-2.0",
      "bin": {
        "playwright-core": "cli.js"
      },
      "engines": {
        "node": ">=20"
      }
    },
    "node_modules/three": {
      "version": "0.185.1",
      "resolved": "https://registry.npmjs.org/three/-/three-0.185.1.tgz",
      "integrity": "sha512-5aojFCXKwnjBRZvUnt3WFfEcvUJgkN5LlijRFN95hMy8WVkG4I0QNcJE+OuWvuJ0bOdStrbfXn0pkd6/QyiAlg==",
      "license": "MIT"
    },
    "node_modules/webxr-layers-polyfill": {
      "version": "1.1.0",
      "resolved": "https://registry.npmjs.org/webxr-layers-polyfill/-/webxr-layers-polyfill-1.1.0.tgz",
      "integrity": "sha512-GqWE6IFlut8a1Lnh9t1RPnOXud1rZ7wLPvWp7mqTDOYtgorXqlNMhEnI9EqjU33grBx0v3jm0Oc13opkAdmgMQ==",
      "dev": true,
      "license": "Apache-2.0",
      "dependencies": {
        "gl-matrix": "^3.4.3"
      }
    },
    "node_modules/ws": {
      "version": "8.21.3",
      "resolved": "https://registry.npmjs.org/ws/-/ws-8.21.3.tgz",
      "integrity": "sha512-201TZ/kPWxoPr/OKWjquZR1SWKXcvxdH+e1xrx89b3YbmzLMFCLfnaG1HFIgWzJOEWZ7MvpK++odZufgYR50Rw==",
      "license": "MIT",
      "engines": {
        "node": ">=10.0.0"
      },
      "peerDependencies": {
        "bufferutil": "^4.0.1",
        "utf-8-validate": ">=5.0.2"
      },
      "peerDependenciesMeta": {
        "bufferutil": {
          "optional": true
        },
        "utf-8-validate": {
          "optional": true
        }
      }
    }
  }
}
